
Microsoft Visual Studio Solution File, Format Version 12.00
# Visual Studio Version 17
VisualStudioVersion = 17.10.34916.146
MinimumVisualStudioVersion = 10.0.40219.1
Project("{8BC9CEB8-8B4A-11D0-8D11-00A0C91BC942}") = "GameOne", "GameOne.vcxproj", "{9C517455-1529-424A-AD6D-BE6946B1C121}"
EndProject
Global
	GlobalSection(SolutionConfigurationPlatforms) = preSolution
		Debug|x64 = Debug|x64
		Debug|x86 = Debug|x86
		Release|x64 = Release|x64
		Release|x86 = Release|x86
	EndGlobalSection
	GlobalSection(ProjectConfigurationPlatforms) = postSolution
		{9C517455-1529-424A-AD6D-BE6946B1C121}.Debug|x64.ActiveCfg = Debug|x64
		{9C517455-1529-424A-AD6D-BE6946B1C121}.Debug|x64.Build.0 = Debug|x64
		{9C517455-1529-424A-AD6D-BE6946B1C121}.Debug|x86.ActiveCfg = Debug|Win32
		{9C517455-1529-424A-AD6D-BE6946B1C121}.Debug|x86.Build.0 = Debug|Win32
		{9C517455-1529-424A-AD6D-BE6946B1C121}.Release|x64.ActiveCfg = Release|x64
		{9C517455-1529-424A-AD6D-BE6946B1C121}.Release|x64.Build.0 = Release|x64
		{9C517455-1529-424A-AD6D-BE6946B1C121}.Release|x86.ActiveCfg = Release|Win32
		{9C517455-1529-424A-AD6D-BE6946B1C121}.Release|x86.Build.0 = Release|Win32
	EndGlobalSection
	GlobalSection(SolutionProperties) = preSolution
		HideSolutionNode = FALSE
	EndGlobalSection
	GlobalSection(ExtensibilityGlobals) = postSolution
		SolutionGuid = {BC6B0B0C-0414-41B9-8F15-10C56A7107CB}
	EndGlobalSection
EndGlobal
